
# cargo-vet imports lock

[[publisher.aho-corasick]]
version = "1.1.3"
when = "2024-03-20"
user-id = 189
user-login = "BurntSushi"
user-name = "Andrew Gallant"

[[publisher.anstream]]
version = "0.6.19"
when = "2025-06-04"
user-id = 6743
user-login = "epage"
user-name = "Ed Page"

[[publisher.anstyle]]
version = "1.0.11"
when = "2025-06-04"
user-id = 6743
user-login = "epage"
user-name = "Ed Page"

[[publisher.anstyle-parse]]
version = "0.2.7"
when = "2025-06-04"
user-id = 6743
user-login = "epage"
user-name = "Ed Page"

[[publisher.anstyle-query]]
version = "1.1.3"
when = "2025-06-04"
user-id = 6743
user-login = "epage"
user-name = "Ed Page"

[[publisher.anstyle-wincon]]
version = "3.0.9"
when = "2025-06-04"
user-id = 6743
user-login = "epage"
user-name = "Ed Page"

[[publisher.anyhow]]
version = "1.0.98"
when = "2025-04-14"
user-id = 3618
user-login = "dtolnay"
user-name = "David Tolnay"

[[publisher.assert_fs]]
version = "1.1.3"
when = "2025-05-02"
user-id = 6743
user-login = "epage"
user-name = "Ed Page"

[[publisher.async-trait]]
version = "0.1.88"
when = "2025-03-15"
user-id = 3618
user-login = "dtolnay"
user-name = "David Tolnay"

[[publisher.basic-toml]]
version = "0.1.10"
when = "2025-03-03"
user-id = 3618
user-login = "dtolnay"
user-name = "David Tolnay"

[[publisher.bumpalo]]
version = "3.19.0"
when = "2025-06-24"
user-id = 696
user-login = "fitzgen"
user-name = "Nick Fitzgerald"

[[publisher.bytes]]
version = "1.10.1"
when = "2025-03-05"
user-id = 6741
user-login = "Darksonn"
user-name = "Alice Ryhl"

[[publisher.clap]]
version = "4.5.41"
when = "2025-07-09"
user-id = 6743
user-login = "epage"
user-name = "Ed Page"

[[publisher.clap-verbosity-flag]]
version = "3.0.3"
when = "2025-05-20"
user-id = 6743
user-login = "epage"
user-name = "Ed Page"

[[publisher.clap_builder]]
version = "4.5.41"
when = "2025-07-09"
user-id = 6743
user-login = "epage"
user-name = "Ed Page"

[[publisher.clap_derive]]
version = "4.5.41"
when = "2025-07-09"
user-id = 6743
user-login = "epage"
user-name = "Ed Page"

[[publisher.clap_lex]]
version = "0.7.5"
when = "2025-06-09"
user-id = 6743
user-login = "epage"
user-name = "Ed Page"

[[publisher.colorchoice]]
version = "1.0.4"
when = "2025-06-04"
user-id = 6743
user-login = "epage"
user-name = "Ed Page"

[[publisher.core-foundation]]
version = "0.9.3"
when = "2022-02-07"
user-id = 5946
user-login = "jrmuizel"
user-name = "Jeff Muizelaar"

[[publisher.encoding_rs]]
version = "0.8.35"
when = "2024-10-24"
user-id = 4484
user-login = "hsivonen"
user-name = "Henri Sivonen"

[[publisher.env_filter]]
version = "0.1.3"
when = "2024-12-20"
user-id = 6743
user-login = "epage"
user-name = "Ed Page"

[[publisher.env_logger]]
version = "0.11.8"
when = "2025-04-01"
user-id = 6743
user-login = "epage"
user-name = "Ed Page"

[[publisher.globset]]
version = "0.4.16"
when = "2025-02-27"
user-id = 189
user-login = "BurntSushi"
user-name = "Andrew Gallant"

[[publisher.hashbrown]]
version = "0.15.4"
when = "2025-06-07"
user-id = 55123
user-login = "rust-lang-owner"

[[publisher.http]]
version = "1.3.1"
when = "2025-03-11"
user-id = 359
user-login = "seanmonstar"
user-name = "Sean McArthur"

[[publisher.http-body]]
version = "1.0.1"
when = "2024-07-12"
user-id = 359
user-login = "seanmonstar"
user-name = "Sean McArthur"

[[publisher.http-body-util]]
version = "0.1.3"
when = "2025-03-11"
user-id = 359
user-login = "seanmonstar"
user-name = "Sean McArthur"

[[publisher.httparse]]
version = "1.10.1"
when = "2025-03-03"
user-id = 359
user-login = "seanmonstar"
user-name = "Sean McArthur"

[[publisher.hyper]]
version = "1.6.0"
when = "2025-01-28"
user-id = 359
user-login = "seanmonstar"
user-name = "Sean McArthur"

[[publisher.hyper-tls]]
version = "0.6.0"
when = "2023-11-27"
user-id = 359
user-login = "seanmonstar"
user-name = "Sean McArthur"

[[publisher.hyper-util]]
version = "0.1.16"
when = "2025-07-22"
user-id = 359
user-login = "seanmonstar"
user-name = "Sean McArthur"

[[publisher.ignore]]
version = "0.4.23"
when = "2024-09-09"
user-id = 189
user-login = "BurntSushi"
user-name = "Andrew Gallant"

[[publisher.indexmap]]
version = "2.10.0"
when = "2025-06-26"
user-id = 539
user-login = "cuviper"
user-name = "Josh Stone"

[[publisher.is_terminal_polyfill]]
version = "1.70.1"
when = "2024-07-25"
user-id = 6743
user-login = "epage"
user-name = "Ed Page"

[[publisher.itoa]]
version = "1.0.15"
when = "2025-03-03"
user-id = 3618
user-login = "dtolnay"
user-name = "David Tolnay"

[[publisher.jiff]]
version = "0.2.15"
when = "2025-06-13"
user-id = 189
user-login = "BurntSushi"
user-name = "Andrew Gallant"

[[publisher.jiff-static]]
version = "0.2.15"
when = "2025-06-13"
user-id = 189
user-login = "BurntSushi"
user-name = "Andrew Gallant"

[[publisher.js-sys]]
version = "0.3.76"
when = "2024-12-07"
user-id = 1
user-login = "alexcrichton"
user-name = "Alex Crichton"

[[publisher.lazy_static]]
version = "1.5.0"
when = "2024-06-21"
user-id = 539
user-login = "cuviper"
user-name = "Josh Stone"

[[publisher.libc]]
version = "0.2.174"
when = "2025-06-17"
user-id = 55123
user-login = "rust-lang-owner"

[[publisher.linux-raw-sys]]
version = "0.9.4"
when = "2025-04-09"
user-id = 6825
user-login = "sunfishcode"
user-name = "Dan Gohman"

[[publisher.lock_api]]
version = "0.4.13"
when = "2025-05-29"
user-id = 2915
user-login = "Amanieu"
user-name = "Amanieu d'Antras"

[[publisher.mime]]
version = "0.3.17"
when = "2023-03-20"
user-id = 359
user-login = "seanmonstar"
user-name = "Sean McArthur"

[[publisher.mio]]
version = "1.0.4"
when = "2025-05-24"
user-id = 6025
user-login = "Thomasdezeeuw"
user-name = "Thomas de Zeeuw"

[[publisher.num-traits]]
version = "0.2.19"
when = "2024-05-03"
user-id = 539
user-login = "cuviper"
user-name = "Josh Stone"

[[publisher.num_cpus]]
version = "1.17.0"
when = "2025-05-30"
user-id = 359
user-login = "seanmonstar"
user-name = "Sean McArthur"

[[publisher.once_cell_polyfill]]
version = "1.70.1"
when = "2025-05-22"
user-id = 6743
user-login = "epage"
user-name = "Ed Page"

[[publisher.openssl-probe]]
version = "0.1.6"
when = "2025-01-23"
user-id = 1
user-login = "alexcrichton"
user-name = "Alex Crichton"

[[publisher.parking_lot]]
version = "0.12.4"
when = "2025-05-29"
user-id = 2915
user-login = "Amanieu"
user-name = "Amanieu d'Antras"

[[publisher.parking_lot_core]]
version = "0.9.11"
when = "2025-05-29"
user-id = 2915
user-login = "Amanieu"
user-name = "Amanieu d'Antras"

[[publisher.predicates]]
version = "3.1.3"
when = "2024-12-19"
user-id = 6743
user-login = "epage"
user-name = "Ed Page"

[[publisher.predicates-core]]
version = "1.0.9"
when = "2024-12-19"
user-id = 6743
user-login = "epage"
user-name = "Ed Page"

[[publisher.predicates-tree]]
version = "1.0.12"
when = "2024-12-19"
user-id = 6743
user-login = "epage"
user-name = "Ed Page"

[[publisher.proc-macro2]]
version = "1.0.95"
when = "2025-04-16"
user-id = 3618
user-login = "dtolnay"
user-name = "David Tolnay"

[[publisher.quote]]
version = "1.0.40"
when = "2025-03-11"
user-id = 3618
user-login = "dtolnay"
user-name = "David Tolnay"

[[publisher.regex]]
version = "1.11.1"
when = "2024-10-24"
user-id = 189
user-login = "BurntSushi"
user-name = "Andrew Gallant"

[[publisher.regex-automata]]
version = "0.4.9"
when = "2024-11-11"
user-id = 189
user-login = "BurntSushi"
user-name = "Andrew Gallant"

[[publisher.regex-syntax]]
version = "0.8.5"
when = "2024-09-29"
user-id = 189
user-login = "BurntSushi"
user-name = "Andrew Gallant"

[[publisher.reqwest]]
version = "0.12.22"
when = "2025-07-01"
user-id = 359
user-login = "seanmonstar"
user-name = "Sean McArthur"

[[publisher.ryu]]
version = "1.0.20"
when = "2025-03-04"
user-id = 3618
user-login = "dtolnay"
user-name = "David Tolnay"

[[publisher.scopeguard]]
version = "1.2.0"
when = "2023-07-17"
user-id = 2915
user-login = "Amanieu"
user-name = "Amanieu d'Antras"

[[publisher.serde]]
version = "1.0.219"
when = "2025-03-09"
user-id = 3618
user-login = "dtolnay"
user-name = "David Tolnay"

[[publisher.serde_derive]]
version = "1.0.219"
when = "2025-03-09"
user-id = 3618
user-login = "dtolnay"
user-name = "David Tolnay"

[[publisher.serde_json]]
version = "1.0.140"
when = "2025-03-03"
user-id = 3618
user-login = "dtolnay"
user-name = "David Tolnay"

[[publisher.serde_spanned]]
version = "1.0.0"
when = "2025-07-08"
user-id = 6743
user-login = "epage"
user-name = "Ed Page"

[[publisher.slab]]
version = "0.4.10"
when = "2025-06-15"
user-id = 6741
user-login = "Darksonn"
user-name = "Alice Ryhl"

[[publisher.socket2]]
version = "0.5.10"
when = "2025-05-26"
user-id = 6025
user-login = "Thomasdezeeuw"
user-name = "Thomas de Zeeuw"

[[publisher.socket2]]
version = "0.6.0"
when = "2025-07-05"
user-id = 6025
user-login = "Thomasdezeeuw"
user-name = "Thomas de Zeeuw"

[[publisher.syn]]
version = "2.0.104"
when = "2025-06-20"
user-id = 3618
user-login = "dtolnay"
user-name = "David Tolnay"

[[publisher.termtree]]
version = "0.5.1"
when = "2024-07-25"
user-id = 6743
user-login = "epage"
user-name = "Ed Page"

[[publisher.thiserror]]
version = "2.0.12"
when = "2025-03-03"
user-id = 3618
user-login = "dtolnay"
user-name = "David Tolnay"

[[publisher.thiserror-impl]]
version = "2.0.12"
when = "2025-03-03"
user-id = 3618
user-login = "dtolnay"
user-name = "David Tolnay"

[[publisher.tokio-macros]]
version = "2.5.0"
when = "2025-01-08"
user-id = 6741
user-login = "Darksonn"
user-name = "Alice Ryhl"

[[publisher.tokio-util]]
version = "0.7.15"
when = "2025-04-23"
user-id = 6741
user-login = "Darksonn"
user-name = "Alice Ryhl"

[[publisher.toml]]
version = "0.9.2"
when = "2025-07-11"
user-id = 6743
user-login = "epage"
user-name = "Ed Page"

[[publisher.toml_datetime]]
version = "0.7.0"
when = "2025-07-08"
user-id = 6743
user-login = "epage"
user-name = "Ed Page"

[[publisher.toml_parser]]
version = "1.0.1"
when = "2025-07-11"
user-id = 6743
user-login = "epage"
user-name = "Ed Page"

[[publisher.toml_writer]]
version = "1.0.2"
when = "2025-07-11"
user-id = 6743
user-login = "epage"
user-name = "Ed Page"

[[publisher.tower]]
version = "0.5.2"
when = "2024-12-11"
user-id = 359
user-login = "seanmonstar"
user-name = "Sean McArthur"

[[publisher.tower-http]]
version = "0.6.6"
when = "2025-06-03"
user-id = 359
user-login = "seanmonstar"
user-name = "Sean McArthur"

[[publisher.try-lock]]
version = "0.2.5"
when = "2023-12-07"
user-id = 359
user-login = "seanmonstar"
user-name = "Sean McArthur"

[[publisher.unicode-ident]]
version = "1.0.18"
when = "2025-03-04"
user-id = 3618
user-login = "dtolnay"
user-name = "David Tolnay"

[[publisher.utf8_iter]]
version = "1.0.4"
when = "2023-12-01"
user-id = 4484
user-login = "hsivonen"
user-name = "Henri Sivonen"

[[publisher.wait-timeout]]
version = "0.2.1"
when = "2025-02-03"
user-id = 1
user-login = "alexcrichton"
user-name = "Alex Crichton"

[[publisher.walkdir]]
version = "2.5.0"
when = "2024-03-01"
user-id = 189
user-login = "BurntSushi"
user-name = "Andrew Gallant"

[[publisher.want]]
version = "0.3.1"
when = "2023-06-14"
user-id = 359
user-login = "seanmonstar"
user-name = "Sean McArthur"

[[publisher.wasi]]
version = "0.11.1+wasi-snapshot-preview1"
when = "2025-06-10"
user-id = 1
user-login = "alexcrichton"
user-name = "Alex Crichton"

[[publisher.wasi]]
version = "0.14.2+wasi-0.2.4"
when = "2025-02-28"
user-id = 1
user-login = "alexcrichton"
user-name = "Alex Crichton"

[[publisher.wasm-bindgen]]
version = "0.2.99"
when = "2024-12-07"
user-id = 1
user-login = "alexcrichton"
user-name = "Alex Crichton"

[[publisher.wasm-bindgen-backend]]
version = "0.2.100"
when = "2025-01-12"
user-id = 1
user-login = "alexcrichton"
user-name = "Alex Crichton"

[[publisher.wasm-bindgen-macro-support]]
version = "0.2.100"
when = "2025-01-12"
user-id = 1
user-login = "alexcrichton"
user-name = "Alex Crichton"

[[publisher.wasm-bindgen-shared]]
version = "0.2.100"
when = "2025-01-12"
user-id = 1
user-login = "alexcrichton"
user-name = "Alex Crichton"

[[publisher.windows-targets]]
version = "0.52.6"
when = "2024-07-03"
user-id = 64539
user-login = "kennykerr"
user-name = "Kenny Kerr"

[[publisher.windows_x86_64_msvc]]
version = "0.52.6"
when = "2024-07-03"
user-id = 64539
user-login = "kennykerr"
user-name = "Kenny Kerr"

[[publisher.windows_x86_64_msvc]]
version = "0.53.0"
when = "2025-01-07"
user-id = 64539
user-login = "kennykerr"
user-name = "Kenny Kerr"

[[publisher.winnow]]
version = "0.7.12"
when = "2025-07-11"
user-id = 6743
user-login = "epage"
user-name = "Ed Page"

[[publisher.wit-bindgen-rt]]
version = "0.39.0"
when = "2025-02-05"
user-id = 73222
user-login = "wasmtime-publish"

[[audits.bytecode-alliance.wildcard-audits.bumpalo]]
who = "Nick Fitzgerald <fitzgen@gmail.com>"
criteria = "safe-to-deploy"
user-id = 696 # Nick Fitzgerald (fitzgen)
start = "2019-03-16"
end = "2025-07-30"

[[audits.bytecode-alliance.wildcard-audits.wit-bindgen-rt]]
who = "Alex Crichton <alex@alexcrichton.com>"
criteria = "safe-to-deploy"
user-id = 73222 # wasmtime-publish
start = "2023-01-01"
end = "2026-06-03"
notes = """
The Bytecode Alliance uses the `wasmtime-publish` crates.io account to automate
publication of this crate from CI. This repository requires all PRs are reviewed
by a Bytecode Alliance maintainer and it owned by the Bytecode Alliance itself.
"""

[[audits.bytecode-alliance.audits.base64]]
who = "Pat Hickey <phickey@fastly.com>"
criteria = "safe-to-deploy"
version = "0.21.0"
notes = "This crate has no dependencies, no build.rs, and contains no unsafe code."

[[audits.bytecode-alliance.audits.base64]]
who = "Andrew Brown <andrew.brown@intel.com>"
criteria = "safe-to-deploy"
delta = "0.21.3 -> 0.22.1"

[[audits.bytecode-alliance.audits.cfg-if]]
who = "Alex Crichton <alex@alexcrichton.com>"
criteria = "safe-to-deploy"
version = "1.0.0"
notes = "I am the author of this crate."

[[audits.bytecode-alliance.audits.crossbeam-epoch]]
who = "Alex Crichton <alex@alexcrichton.com>"
criteria = "safe-to-deploy"
delta = "0.9.15 -> 0.9.18"
notes = "Nontrivial update but mostly around dependencies and how `unsafe` code is managed. Everything looks the same shape as before."

[[audits.bytecode-alliance.audits.displaydoc]]
who = "Nick Fitzgerald <fitzgen@gmail.com>"
criteria = "safe-to-deploy"
delta = "0.2.4 -> 0.2.5"

[[audits.bytecode-alliance.audits.foreign-types]]
who = "Pat Hickey <phickey@fastly.com>"
criteria = "safe-to-deploy"
version = "0.3.2"
notes = "This crate defined a macro-rules which creates wrappers working with FFI types. The implementation of this crate appears to be safe, but each use of this macro would need to be vetted for correctness as well."

[[audits.bytecode-alliance.audits.foreign-types-shared]]
who = "Pat Hickey <phickey@fastly.com>"
criteria = "safe-to-deploy"
version = "0.1.1"

[[audits.bytecode-alliance.audits.futures-channel]]
who = "Joel Dice <joel.dice@gmail.com>"
criteria = "safe-to-deploy"
version = "0.3.31"

[[audits.bytecode-alliance.audits.futures-executor]]
who = "Joel Dice <joel.dice@gmail.com>"
criteria = "safe-to-deploy"
version = "0.3.31"

[[audits.bytecode-alliance.audits.gimli]]
who = "Alex Crichton <alex@alexcrichton.com>"
criteria = "safe-to-deploy"
delta = "0.31.0 -> 0.31.1"
notes = "No fundmanetally new `unsafe` code, some small refactoring of existing code. Lots of changes in tests, not as many changes in the rest of the crate. More dwarf!"

[[audits.bytecode-alliance.audits.heck]]
who = "Alex Crichton <alex@alexcrichton.com>"
criteria = "safe-to-deploy"
delta = "0.4.1 -> 0.5.0"
notes = "Minor changes for a `no_std` upgrade but otherwise everything looks as expected."

[[audits.bytecode-alliance.audits.miniz_oxide]]
who = "Alex Crichton <alex@alexcrichton.com>"
criteria = "safe-to-deploy"
delta = "0.8.5 -> 0.8.9"
notes = "No new unsafe code, just refactorings."

[[audits.bytecode-alliance.audits.percent-encoding]]
who = "Alex Crichton <alex@alexcrichton.com>"
criteria = "safe-to-deploy"
version = "2.2.0"
notes = """
This crate is a single-file crate that does what it says on the tin. There are
a few `unsafe` blocks related to utf-8 validation which are locally verifiable
as correct and otherwise this crate is good to go.
"""

[[audits.bytecode-alliance.audits.pin-utils]]
who = "Pat Hickey <phickey@fastly.com>"
criteria = "safe-to-deploy"
version = "0.1.0"

[[audits.bytecode-alliance.audits.shlex]]
who = "Alex Crichton <alex@alexcrichton.com>"
criteria = "safe-to-deploy"
version = "1.1.0"
notes = "Only minor `unsafe` code blocks which look valid and otherwise does what it says on the tin."

[[audits.bytecode-alliance.audits.tokio-native-tls]]
who = "Pat Hickey <phickey@fastly.com>"
criteria = "safe-to-deploy"
version = "0.3.1"
notes = "unsafety is used for smuggling std::task::Context as a raw pointer. Lifetime and type safety appears to be taken care of correctly."

[[audits.bytecode-alliance.audits.vcpkg]]
who = "Pat Hickey <phickey@fastly.com>"
criteria = "safe-to-deploy"
version = "0.2.15"
notes = "no build.rs, no macros, no unsafe. It reads the filesystem and makes copies of DLLs into OUT_DIR."

[[audits.embark-studios.audits.assert-json-diff]]
who = "Johan Andersson <opensource@embark-studios.com>"
criteria = "safe-to-run"
version = "2.0.2"
notes = "No unsafe usage or ambient capabilities"

[[audits.google.audits.bit-set]]
who = "George Burgess IV <gbiv@google.com>"
criteria = "safe-to-run"
version = "0.5.3"
aggregated-from = "https://chromium.googlesource.com/chromiumos/third_party/rust_crates/+/refs/heads/main/cargo-vet/audits.toml?format=TEXT"

[[audits.google.audits.crossbeam-epoch]]
who = "George Burgess IV <gbiv@google.com>"
criteria = "safe-to-run"
version = "0.9.14"
aggregated-from = "https://chromium.googlesource.com/chromiumos/third_party/rust_crates/+/refs/heads/main/cargo-vet/audits.toml?format=TEXT"

[[audits.google.audits.crossbeam-epoch]]
who = "George Burgess IV <gbiv@google.com>"
criteria = "safe-to-run"
delta = "0.9.14 -> 0.9.15"
aggregated-from = "https://chromium.googlesource.com/chromiumos/third_party/rust_crates/+/refs/heads/main/cargo-vet/audits.toml?format=TEXT"

[[audits.google.audits.difflib]]
who = "Max Lee <endlesspring@google.com>"
criteria = "safe-to-run"
version = "0.4.0"
aggregated-from = "https://chromium.googlesource.com/chromiumos/third_party/rust_crates/+/refs/heads/main/cargo-vet/audits.toml?format=TEXT"

[[audits.google.audits.heck]]
who = "Lukasz Anforowicz <lukasza@chromium.org>"
criteria = "safe-to-deploy"
version = "0.4.1"
notes = """
Grepped for `-i cipher`, `-i crypto`, `'\bfs\b'``, `'\bnet\b'``, `'\bunsafe\b'``
and there were no hits.

`heck` (version `0.3.3`) has been added to Chromium in
https://source.chromium.org/chromium/chromium/src/+/28841c33c77833cc30b286f9ae24c97e7a8f4057
"""
aggregated-from = "https://chromium.googlesource.com/chromium/src/+/main/third_party/rust/chromium_crates_io/supply-chain/audits.toml?format=TEXT"

[[audits.google.audits.httpdate]]
who = "George Burgess IV <gbiv@google.com>"
criteria = "safe-to-deploy"
version = "1.0.3"
aggregated-from = "https://chromium.googlesource.com/chromiumos/third_party/rust_crates/+/refs/heads/main/cargo-vet/audits.toml?format=TEXT"

[[audits.google.audits.icu_properties]]
who = "Manish Goregaokar <manishearth@google.com>"
criteria = "safe-to-deploy"
version = "2.0.0-beta2"
notes = "All unsafe was removed"
aggregated-from = "https://chromium.googlesource.com/chromium/src/+/main/third_party/rust/chromium_crates_io/supply-chain/audits.toml?format=TEXT"

[[audits.google.audits.icu_properties_data]]
who = "Manish Goregaokar <manishearth@google.com>"
criteria = "safe-to-deploy"
version = "2.0.0-beta1"
notes = "Contains codegenned unsafe only, using safe Bake impls from zerovec/zerotrie"
aggregated-from = "https://chromium.googlesource.com/chromium/src/+/main/third_party/rust/chromium_crates_io/supply-chain/audits.toml?format=TEXT"

[[audits.google.audits.icu_properties_data]]
who = "Manish Goregaokar <manishearth@google.com>"
criteria = "safe-to-deploy"
delta = "2.0.0-beta1 -> 2.0.0-beta2"
notes = "Contains codegenned unsafe only, using safe Bake impls from zerovec/zerotrie"
aggregated-from = "https://chromium.googlesource.com/chromium/src/+/main/third_party/rust/chromium_crates_io/supply-chain/audits.toml?format=TEXT"

[[audits.google.audits.openssl-macros]]
who = "George Burgess IV <gbiv@google.com>"
criteria = "safe-to-deploy"
version = "0.1.0"
aggregated-from = "https://chromium.googlesource.com/chromiumos/third_party/rust_crates/+/refs/heads/main/cargo-vet/audits.toml?format=TEXT"

[[audits.google.audits.openssl-macros]]
who = "George Burgess IV <gbiv@google.com>"
criteria = "safe-to-deploy"
delta = "0.1.0 -> 0.1.1"
aggregated-from = "https://chromium.googlesource.com/chromiumos/third_party/rust_crates/+/refs/heads/main/cargo-vet/audits.toml?format=TEXT"

[[audits.google.audits.potential_utf]]
who = "Manish Goregaokar <manishearth@google.com>"
criteria = "safe-to-deploy"
version = "0.1.0"
notes = "Contains a handful of lines of from-UTF8 unsafety and some `repr(transparent)` casting unsafety. Reasonably well commented, could do with listing invariants explicitly."
aggregated-from = "https://chromium.googlesource.com/chromium/src/+/main/third_party/rust/chromium_crates_io/supply-chain/audits.toml?format=TEXT"

[[audits.google.audits.potential_utf]]
who = "Manish Goregaokar <manishearth@google.com>"
criteria = "safe-to-deploy"
delta = "0.1.0 -> 0.1.2"
notes = "Addition of safe comparison APIs since last audit"
aggregated-from = "https://chromium.googlesource.com/chromium/src/+/main/third_party/rust/chromium_crates_io/supply-chain/audits.toml?format=TEXT"

[[audits.google.audits.quick-error]]
who = "George Burgess IV <gbiv@google.com>"
criteria = "safe-to-run"
version = "1.2.3"
aggregated-from = "https://chromium.googlesource.com/chromiumos/third_party/rust_crates/+/refs/heads/main/cargo-vet/audits.toml?format=TEXT"

[[audits.google.audits.rand]]
who = "Lukasz Anforowicz <lukasza@chromium.org>"
criteria = "safe-to-deploy"
version = "0.8.5"
notes = """
For more detailed unsafe review notes please see https://crrev.com/c/6362797
"""
aggregated-from = "https://chromium.googlesource.com/chromium/src/+/main/third_party/rust/chromium_crates_io/supply-chain/audits.toml?format=TEXT"

[[audits.google.audits.rusty-fork]]
who = "George Burgess IV <gbiv@google.com>"
criteria = "safe-to-run"
version = "0.3.0"
aggregated-from = "https://chromium.googlesource.com/chromiumos/third_party/rust_crates/+/refs/heads/main/cargo-vet/audits.toml?format=TEXT"

[[audits.google.audits.same-file]]
who = "Android Legacy"
criteria = "safe-to-run"
version = "1.0.6"
aggregated-from = "https://chromium.googlesource.com/chromiumos/third_party/rust_crates/+/refs/heads/main/cargo-vet/audits.toml?format=TEXT"

[[audits.google.audits.stable_deref_trait]]
who = "Manish Goregaokar <manishearth@google.com>"
criteria = "safe-to-deploy"
version = "1.2.0"
notes = "Purely a trait, crates using this should be carefully vetted since self-referential stuff can be super tricky around various unsafe rust edges."
aggregated-from = "https://chromium.googlesource.com/chromium/src/+/main/third_party/rust/chromium_crates_io/supply-chain/audits.toml?format=TEXT"

[[audits.google.audits.strsim]]
who = "danakj@chromium.org"
criteria = "safe-to-deploy"
version = "0.10.0"
notes = """
Reviewed in https://crrev.com/c/5171063

Previously reviewed during security review and the audit is grandparented in.
"""
aggregated-from = "https://chromium.googlesource.com/chromium/src/+/main/third_party/rust/chromium_crates_io/supply-chain/audits.toml?format=TEXT"

[[audits.google.audits.winapi-util]]
who = "danakj@chromium.org"
criteria = "safe-to-run"
version = "0.1.6"
notes = """
Reviewed in https://crrev.com/c/5171063

Previously reviewed during security review and the audit is grandparented in.
"""
aggregated-from = "https://chromium.googlesource.com/chromium/src/+/main/third_party/rust/chromium_crates_io/supply-chain/audits.toml?format=TEXT"

[[audits.google.audits.winapi-util]]
who = "danakj <danakj@chromium.org>"
criteria = "safe-to-run"
delta = "0.1.6 -> 0.1.8"
aggregated-from = "https://chromium.googlesource.com/chromium/src/+/main/third_party/rust/chromium_crates_io/supply-chain/audits.toml?format=TEXT"

[[audits.google.audits.winapi-util]]
who = "Lukasz Anforowicz <lukasza@chromium.org>"
criteria = "safe-to-run"
delta = "0.1.8 -> 0.1.9"
notes = "The delta only changes Cargo.toml."
aggregated-from = "https://chromium.googlesource.com/chromium/src/+/main/third_party/rust/chromium_crates_io/supply-chain/audits.toml?format=TEXT"

[[audits.google.audits.writeable]]
who = "Manish Goregaokar <manishearth@google.com>"
criteria = "safe-to-deploy"
version = "0.6.0"
notes = "Contains three lines of unsafe, thoroughly commented: one is for from-UTF8 on ASCII, the other two are for from-UTF8 on a datastructure that keeps track of a buffer with partial UTF8 validation. Relatively straigtforward."
aggregated-from = "https://chromium.googlesource.com/chromium/src/+/main/third_party/rust/chromium_crates_io/supply-chain/audits.toml?format=TEXT"

[[audits.google.audits.writeable]]
who = "Daniel Cheng <dcheng@chromium.org>"
criteria = "safe-to-deploy"
delta = "0.6.0 -> 0.6.1"
notes = "Minor comment/documentation updates and switch to a non-panicking alternative to split_at()."
aggregated-from = "https://chromium.googlesource.com/chromium/src/+/main/third_party/rust/chromium_crates_io/supply-chain/audits.toml?format=TEXT"

[[audits.google.audits.yoke]]
who = "Manish Goregaokar <manishearth@google.com>"
criteria = "safe-to-deploy"
version = "0.7.5"
aggregated-from = "https://chromium.googlesource.com/chromium/src/+/main/third_party/rust/chromium_crates_io/supply-chain/audits.toml?format=TEXT"

[[audits.google.audits.yoke]]
who = "Daniel Cheng <dcheng@chromium.org>"
criteria = "safe-to-deploy"
delta = "0.7.5 -> 0.8.0"
notes = """
Cleaning up a previous hack for adding trait bounds to yoke objects. Unsafe changes:
- deleting the hack itself removes a lot of unsafe use required in the hack's implementation
- changes another unsafe use to remove the use of the hack, now that it's no longer needed


See https://crrev.com/c/6323349 for more audit notes.
"""
aggregated-from = "https://chromium.googlesource.com/chromium/src/+/main/third_party/rust/chromium_crates_io/supply-chain/audits.toml?format=TEXT"

[[audits.google.audits.yoke-derive]]
who = "Daniel Cheng <dcheng@chromium.org>"
criteria = "safe-to-deploy"
delta = "0.7.5 -> 0.8.0"
notes = "No code changes: only incrementing the version."
aggregated-from = "https://chromium.googlesource.com/chromium/src/+/main/third_party/rust/chromium_crates_io/supply-chain/audits.toml?format=TEXT"

[[audits.isrg.audits.base64]]
who = "Tim Geoghegan <timg@letsencrypt.org>"
criteria = "safe-to-deploy"
delta = "0.21.0 -> 0.21.1"

[[audits.isrg.audits.base64]]
who = "Brandon Pitman <bran@bran.land>"
criteria = "safe-to-deploy"
delta = "0.21.1 -> 0.21.2"

[[audits.isrg.audits.base64]]
who = "David Cook <dcook@divviup.org>"
criteria = "safe-to-deploy"
delta = "0.21.2 -> 0.21.3"

[[audits.isrg.audits.cfg-if]]
who = "David Cook <dcook@divviup.org>"
criteria = "safe-to-deploy"
delta = "1.0.0 -> 1.0.1"

[[audits.isrg.audits.once_cell]]
who = "J.C. Jones <jc@insufficient.coffee>"
criteria = "safe-to-deploy"
delta = "1.21.1 -> 1.21.3"
notes = "The unsafe code has moved from `compare_exchange` to a new `init` function, which makes it easier to reason about."

[[audits.isrg.audits.rand]]
who = "David Cook <dcook@divviup.org>"
criteria = "safe-to-deploy"
delta = "0.8.5 -> 0.9.1"

[[audits.isrg.audits.rand]]
who = "Tim Geoghegan <timg@divviup.org>"
criteria = "safe-to-deploy"
delta = "0.9.1 -> 0.9.2"

[[audits.isrg.audits.serde_json]]
who = "Tim Geoghegan <timg@divviup.org>"
criteria = "safe-to-deploy"
delta = "1.0.140 -> 1.0.141"
notes = "There are three new `unsafe` blocks, but they are well-justified and appear safe by code inspection."

[[audits.mozilla.wildcard-audits.core-foundation]]
who = "Bobby Holley <bobbyholley@gmail.com>"
criteria = "safe-to-deploy"
user-id = 5946 # Jeff Muizelaar (jrmuizel)
start = "2019-03-29"
end = "2023-05-04"
renew = false
notes = "I've reviewed every source contribution that was neither authored nor reviewed by Mozilla."
aggregated-from = "https://hg.mozilla.org/mozilla-central/raw-file/tip/supply-chain/audits.toml"

[[audits.mozilla.wildcard-audits.encoding_rs]]
who = "Henri Sivonen <hsivonen@hsivonen.fi>"
criteria = "safe-to-deploy"
user-id = 4484 # Henri Sivonen (hsivonen)
start = "2019-02-26"
end = "2025-10-23"
notes = "I, Henri Sivonen, wrote encoding_rs for Gecko and have reviewed contributions by others. There are two caveats to the certification: 1) The crate does things that are documented to be UB but that do not appear to actually be UB due to integer types differing from the general rule; https://github.com/hsivonen/encoding_rs/issues/79 . 2) It would be prudent to re-review the code that reinterprets buffers of integers as SIMD vectors; see https://github.com/hsivonen/encoding_rs/issues/87 ."
aggregated-from = "https://hg.mozilla.org/mozilla-central/raw-file/tip/supply-chain/audits.toml"

[[audits.mozilla.wildcard-audits.utf8_iter]]
who = "Makoto Kato <m_kato@ga2.so-net.ne.jp>"
criteria = "safe-to-deploy"
user-id = 4484 # Henri Sivonen (hsivonen)
start = "2022-04-19"
end = "2024-06-16"
notes = "Maintained by Henri Sivonen who works at Mozilla."
aggregated-from = "https://hg.mozilla.org/mozilla-central/raw-file/tip/supply-chain/audits.toml"

[[audits.mozilla.audits.bit-set]]
who = "Teodor Tanasoaia <ttanasoaia@mozilla.com>"
criteria = "safe-to-deploy"
delta = "0.5.3 -> 0.6.0"
aggregated-from = "https://hg.mozilla.org/mozilla-central/raw-file/tip/supply-chain/audits.toml"

[[audits.mozilla.audits.bit-set]]
who = "Jim Blandy <jimb@red-bean.com>"
criteria = "safe-to-deploy"
delta = "0.6.0 -> 0.8.0"
aggregated-from = "https://hg.mozilla.org/mozilla-central/raw-file/tip/supply-chain/audits.toml"

[[audits.mozilla.audits.bit-vec]]
who = "Aria Beingessner <a.beingessner@gmail.com>"
criteria = "safe-to-deploy"
version = "0.6.3"
notes = "Another crate I own via contain-rs that is ancient and in maintenance mode but otherwise perfectly fine."
aggregated-from = "https://hg.mozilla.org/mozilla-central/raw-file/tip/supply-chain/audits.toml"

[[audits.mozilla.audits.bit-vec]]
who = "Teodor Tanasoaia <ttanasoaia@mozilla.com>"
criteria = "safe-to-deploy"
delta = "0.6.3 -> 0.7.0"
aggregated-from = "https://hg.mozilla.org/mozilla-central/raw-file/tip/supply-chain/audits.toml"

[[audits.mozilla.audits.bit-vec]]
who = "Jim Blandy <jimb@red-bean.com>"
criteria = "safe-to-deploy"
delta = "0.7.0 -> 0.8.0"
aggregated-from = "https://hg.mozilla.org/mozilla-central/raw-file/tip/supply-chain/audits.toml"

[[audits.mozilla.audits.bitflags]]
who = "Nika Layzell <nika@thelayzells.com>"
criteria = "safe-to-deploy"
delta = "2.9.0 -> 2.9.1"
aggregated-from = "https://raw.githubusercontent.com/mozilla/cargo-vet/main/supply-chain/audits.toml"

[[audits.mozilla.audits.cc]]
who = "Erich Gubler <erichdongubler@gmail.com>"
criteria = "safe-to-deploy"
delta = "1.2.16 -> 1.2.30"
aggregated-from = "https://hg.mozilla.org/mozilla-central/raw-file/tip/supply-chain/audits.toml"

[[audits.mozilla.audits.core-foundation]]
who = "Teodor Tanasoaia <ttanasoaia@mozilla.com>"
criteria = "safe-to-deploy"
delta = "0.9.3 -> 0.9.4"
notes = "I've reviewed every source contribution that was neither authored nor reviewed by Mozilla."
aggregated-from = "https://hg.mozilla.org/mozilla-central/raw-file/tip/supply-chain/audits.toml"

[[audits.mozilla.audits.displaydoc]]
who = "Makoto Kato <m_kato@ga2.so-net.ne.jp>"
criteria = "safe-to-deploy"
version = "0.2.3"
notes = """
This crate is convenient macros to implement core::fmt::Display trait.
Although `unsafe` is used for test code to call `libc::abort()`, it has no `unsafe` code in this crate. And there is no file access.
It meets the criteria for safe-to-deploy.
"""
aggregated-from = "https://hg.mozilla.org/mozilla-central/raw-file/tip/supply-chain/audits.toml"

[[audits.mozilla.audits.displaydoc]]
who = "Mike Hommey <mh+mozilla@glandium.org>"
criteria = "safe-to-deploy"
delta = "0.2.3 -> 0.2.4"
aggregated-from = "https://hg.mozilla.org/mozilla-central/raw-file/tip/supply-chain/audits.toml"

[[audits.mozilla.audits.doc-comment]]
who = "Nika Layzell <nika@thelayzells.com>"
criteria = "safe-to-deploy"
version = "0.3.3"
notes = """
Trivial macro crate implementing a trick for expanding macros within doc
comments on older versions of rustc.
"""
aggregated-from = "https://raw.githubusercontent.com/mozilla/cargo-vet/main/supply-chain/audits.toml"

[[audits.mozilla.audits.fnv]]
who = "Bobby Holley <bobbyholley@gmail.com>"
criteria = "safe-to-deploy"
version = "1.0.7"
notes = "Simple hasher implementation with no unsafe code."
aggregated-from = "https://hg.mozilla.org/mozilla-central/raw-file/tip/supply-chain/audits.toml"

[[audits.mozilla.audits.form_urlencoded]]
who = "Valentin Gosu <valentin.gosu@gmail.com>"
criteria = "safe-to-deploy"
version = "1.2.0"
aggregated-from = "https://hg.mozilla.org/mozilla-central/raw-file/tip/supply-chain/audits.toml"

[[audits.mozilla.audits.form_urlencoded]]
who = "Valentin Gosu <valentin.gosu@gmail.com>"
criteria = "safe-to-deploy"
delta = "1.2.0 -> 1.2.1"
aggregated-from = "https://hg.mozilla.org/mozilla-central/raw-file/tip/supply-chain/audits.toml"

[[audits.mozilla.audits.icu_properties]]
who = "Makoto Kato <m_kato@ga2.so-net.ne.jp>"
criteria = "safe-to-deploy"
delta = "2.0.0-beta2 -> 2.0.1"
aggregated-from = "https://hg.mozilla.org/mozilla-central/raw-file/tip/supply-chain/audits.toml"

[[audits.mozilla.audits.icu_properties_data]]
who = "Makoto Kato <m_kato@ga2.so-net.ne.jp>"
criteria = "safe-to-deploy"
delta = "2.0.0-beta2 -> 2.0.1"
aggregated-from = "https://hg.mozilla.org/mozilla-central/raw-file/tip/supply-chain/audits.toml"

[[audits.mozilla.audits.js-sys]]
who = "Lars Eggert <lars@eggert.org>"
criteria = "safe-to-deploy"
delta = "0.3.76 -> 0.3.77"
aggregated-from = "https://raw.githubusercontent.com/mozilla/glean/main/supply-chain/audits.toml"

[[audits.mozilla.audits.once_cell]]
who = "Erich Gubler <erichdongubler@gmail.com>"
criteria = "safe-to-deploy"
delta = "1.20.3 -> 1.21.1"
aggregated-from = "https://hg.mozilla.org/mozilla-central/raw-file/tip/supply-chain/audits.toml"

[[audits.mozilla.audits.percent-encoding]]
who = "Valentin Gosu <valentin.gosu@gmail.com>"
criteria = "safe-to-deploy"
delta = "2.2.0 -> 2.3.0"
aggregated-from = "https://hg.mozilla.org/mozilla-central/raw-file/tip/supply-chain/audits.toml"

[[audits.mozilla.audits.percent-encoding]]
who = "Valentin Gosu <valentin.gosu@gmail.com>"
criteria = "safe-to-deploy"
delta = "2.3.0 -> 2.3.1"
aggregated-from = "https://hg.mozilla.org/mozilla-central/raw-file/tip/supply-chain/audits.toml"

[[audits.mozilla.audits.rustc-hash]]
who = "Bobby Holley <bobbyholley@gmail.com>"
criteria = "safe-to-deploy"
version = "1.1.0"
notes = "Straightforward crate with no unsafe code, does what it says on the tin."
aggregated-from = "https://hg.mozilla.org/mozilla-central/raw-file/tip/supply-chain/audits.toml"

[[audits.mozilla.audits.rustc-hash]]
who = "Ben Dean-Kawamura <bdk@mozilla.com>"
criteria = "safe-to-deploy"
delta = "1.1.0 -> 2.1.1"
notes = "Simple hashing crate, no unsafe code."
aggregated-from = "https://hg.mozilla.org/mozilla-central/raw-file/tip/supply-chain/audits.toml"

[[audits.mozilla.audits.shlex]]
who = "Max Inden <mail@max-inden.de>"
criteria = "safe-to-deploy"
delta = "1.1.0 -> 1.3.0"
aggregated-from = "https://hg.mozilla.org/mozilla-central/raw-file/tip/supply-chain/audits.toml"

[[audits.mozilla.audits.strsim]]
who = "Ben Dean-Kawamura <bdk@mozilla.com>"
criteria = "safe-to-deploy"
delta = "0.10.0 -> 0.11.1"
aggregated-from = "https://hg.mozilla.org/mozilla-central/raw-file/tip/supply-chain/audits.toml"

[[audits.mozilla.audits.tinystr]]
who = "Makoto Kato <m_kato@ga2.so-net.ne.jp>"
criteria = "safe-to-deploy"
version = "0.7.0"
notes = "One of original auther was Zibi Braniecki who worked at Mozilla and maintained by ICU4X developers (Google and Mozilla). I've vetted the one instance of unsafe code."
aggregated-from = "https://hg.mozilla.org/mozilla-central/raw-file/tip/supply-chain/audits.toml"

[[audits.mozilla.audits.tinystr]]
who = "Mike Hommey <mh+mozilla@glandium.org>"
criteria = "safe-to-deploy"
delta = "0.7.0 -> 0.7.1"
aggregated-from = "https://hg.mozilla.org/mozilla-central/raw-file/tip/supply-chain/audits.toml"

[[audits.mozilla.audits.tinystr]]
who = "Makoto Kato <m_kato@ga2.so-net.ne.jp>"
criteria = "safe-to-deploy"
delta = "0.7.1 -> 0.7.4"
aggregated-from = "https://hg.mozilla.org/mozilla-central/raw-file/tip/supply-chain/audits.toml"

[[audits.mozilla.audits.tinystr]]
who = "Makoto Kato <m_kato@ga2.so-net.ne.jp>"
criteria = "safe-to-deploy"
delta = "0.7.4 -> 0.7.6"
aggregated-from = "https://hg.mozilla.org/mozilla-central/raw-file/tip/supply-chain/audits.toml"

[[audits.mozilla.audits.tinystr]]
who = "Makoto Kato <m_kato@ga2.so-net.ne.jp>"
criteria = "safe-to-deploy"
delta = "0.7.6 -> 0.8.1"
aggregated-from = "https://hg.mozilla.org/mozilla-central/raw-file/tip/supply-chain/audits.toml"

[[audits.mozilla.audits.wasm-bindgen]]
who = "Lars Eggert <lars@eggert.org>"
criteria = "safe-to-deploy"
delta = "0.2.99 -> 0.2.100"
aggregated-from = "https://raw.githubusercontent.com/mozilla/glean/main/supply-chain/audits.toml"

[[audits.mozilla.audits.zeroize]]
who = "Benjamin Beurdouche <beurdouche@mozilla.com>"
criteria = "safe-to-deploy"
version = "1.8.1"
notes = """
This code DOES contain unsafe code required to internally call volatiles
for deleting data. This is expected and documented behavior.
"""
aggregated-from = "https://hg.mozilla.org/mozilla-central/raw-file/tip/supply-chain/audits.toml"

[[audits.mozilla.audits.zerovec]]
who = "Makoto Kato <m_kato@ga2.so-net.ne.jp>"
criteria = "safe-to-deploy"
version = "0.9.4"
notes = "This crate is zero-copy data structure implmentation. Although this uses unsafe block in several code, it requires for zero-copy. And this has a comment in code why this uses unsafe and I audited code."
aggregated-from = "https://hg.mozilla.org/mozilla-central/raw-file/tip/supply-chain/audits.toml"

[[audits.mozilla.audits.zerovec]]
who = "Makoto Kato <m_kato@ga2.so-net.ne.jp>"
criteria = "safe-to-deploy"
delta = "0.9.4 -> 0.10.1"
aggregated-from = "https://hg.mozilla.org/mozilla-central/raw-file/tip/supply-chain/audits.toml"

[[audits.mozilla.audits.zerovec]]
who = "Makoto Kato <m_kato@ga2.so-net.ne.jp>"
criteria = "safe-to-deploy"
delta = "0.10.1 -> 0.10.2"
aggregated-from = "https://hg.mozilla.org/mozilla-central/raw-file/tip/supply-chain/audits.toml"

[[audits.mozilla.audits.zerovec]]
who = "Mike Hommey <mh+mozilla@glandium.org>"
criteria = "safe-to-deploy"
delta = "0.10.2 -> 0.10.4"
aggregated-from = "https://hg.mozilla.org/mozilla-central/raw-file/tip/supply-chain/audits.toml"

[[audits.mozilla.audits.zerovec]]
who = "Makoto Kato <m_kato@ga2.so-net.ne.jp>"
criteria = "safe-to-deploy"
delta = "0.10.4 -> 0.11.2"
aggregated-from = "https://hg.mozilla.org/mozilla-central/raw-file/tip/supply-chain/audits.toml"

[[audits.mozilla.audits.zerovec-derive]]
who = "Makoto Kato <m_kato@ga2.so-net.ne.jp>"
criteria = "safe-to-deploy"
delta = "0.10.3 -> 0.11.1"
aggregated-from = "https://hg.mozilla.org/mozilla-central/raw-file/tip/supply-chain/audits.toml"
