
# cargo-vet imports lock

[[publisher.aho-corasick]]
version = "1.1.4"
when = "2025-10-28"
user-id = 189
user-login = "BurntSushi"
user-name = "Andrew Gallant"

[[publisher.anstream]]
version = "0.6.21"
when = "2025-10-02"
user-id = 6743
user-login = "epage"
user-name = "Ed Page"

[[publisher.anstyle]]
version = "1.0.13"
when = "2025-09-29"
user-id = 6743
user-login = "epage"
user-name = "Ed Page"

[[publisher.anstyle-parse]]
version = "0.2.7"
when = "2025-06-04"
user-id = 6743
user-login = "epage"
user-name = "Ed Page"

[[publisher.anstyle-query]]
version = "1.1.5"
when = "2025-11-13"
user-id = 6743
user-login = "epage"
user-name = "Ed Page"

[[publisher.anstyle-wincon]]
version = "3.0.11"
when = "2025-11-13"
user-id = 6743
user-login = "epage"
user-name = "Ed Page"

[[publisher.anyhow]]
version = "1.0.100"
when = "2025-09-19"
user-id = 3618
user-login = "dtolnay"
user-name = "David Tolnay"

[[publisher.assert_fs]]
version = "1.1.3"
when = "2025-05-02"
user-id = 6743
user-login = "epage"
user-name = "Ed Page"

[[publisher.backtrace]]
version = "0.3.76"
when = "2025-09-26"
user-id = 55123
user-login = "rust-lang-owner"

[[publisher.basic-toml]]
version = "0.1.10"
when = "2025-03-03"
user-id = 3618
user-login = "dtolnay"
user-name = "David Tolnay"

[[publisher.bstr]]
version = "1.12.1"
when = "2025-10-26"
user-id = 189
user-login = "BurntSushi"
user-name = "Andrew Gallant"

[[publisher.bumpalo]]
version = "3.19.0"
when = "2025-06-24"
user-id = 696
user-login = "fitzgen"
user-name = "Nick Fitzgerald"

[[publisher.bytes]]
version = "1.11.0"
when = "2025-11-14"
user-id = 6741
user-login = "Darksonn"
user-name = "Alice Ryhl"

[[publisher.clap]]
version = "4.5.51"
when = "2025-10-29"
user-id = 6743
user-login = "epage"
user-name = "Ed Page"

[[publisher.clap-verbosity-flag]]
version = "3.0.4"
when = "2025-08-19"
user-id = 6743
user-login = "epage"
user-name = "Ed Page"

[[publisher.clap_builder]]
version = "4.5.51"
when = "2025-10-29"
user-id = 6743
user-login = "epage"
user-name = "Ed Page"

[[publisher.clap_derive]]
version = "4.5.49"
when = "2025-10-13"
user-id = 6743
user-login = "epage"
user-name = "Ed Page"

[[publisher.clap_lex]]
version = "0.7.6"
when = "2025-10-13"
user-id = 6743
user-login = "epage"
user-name = "Ed Page"

[[publisher.colorchoice]]
version = "1.0.4"
when = "2025-06-04"
user-id = 6743
user-login = "epage"
user-name = "Ed Page"

[[publisher.core-foundation]]
version = "0.9.3"
when = "2022-02-07"
user-id = 5946
user-login = "jrmuizel"
user-name = "Jeff Muizelaar"

[[publisher.encoding_rs]]
version = "0.8.35"
when = "2024-10-24"
user-id = 4484
user-login = "hsivonen"
user-name = "Henri Sivonen"

[[publisher.env_logger]]
version = "0.11.8"
when = "2025-04-01"
user-id = 6743
user-login = "epage"
user-name = "Ed Page"

[[publisher.errno]]
version = "0.3.14"
when = "2025-09-09"
user-id = 6825
user-login = "sunfishcode"
user-name = "Dan Gohman"

[[publisher.globset]]
version = "0.4.18"
when = "2025-10-22"
user-id = 189
user-login = "BurntSushi"
user-name = "Andrew Gallant"

[[publisher.h2]]
version = "0.4.12"
when = "2025-08-06"
user-id = 359
user-login = "seanmonstar"
user-name = "Sean McArthur"

[[publisher.hashbrown]]
version = "0.16.0"
when = "2025-08-29"
user-id = 55123
user-login = "rust-lang-owner"

[[publisher.http]]
version = "1.3.1"
when = "2025-03-11"
user-id = 359
user-login = "seanmonstar"
user-name = "Sean McArthur"

[[publisher.http-body]]
version = "1.0.1"
when = "2024-07-12"
user-id = 359
user-login = "seanmonstar"
user-name = "Sean McArthur"

[[publisher.http-body-util]]
version = "0.1.3"
when = "2025-03-11"
user-id = 359
user-login = "seanmonstar"
user-name = "Sean McArthur"

[[publisher.httparse]]
version = "1.10.1"
when = "2025-03-03"
user-id = 359
user-login = "seanmonstar"
user-name = "Sean McArthur"

[[publisher.hyper]]
version = "1.8.1"
when = "2025-11-13"
user-id = 359
user-login = "seanmonstar"
user-name = "Sean McArthur"

[[publisher.hyper-tls]]
version = "0.6.0"
when = "2023-11-27"
user-id = 359
user-login = "seanmonstar"
user-name = "Sean McArthur"

[[publisher.hyper-util]]
version = "0.1.18"
when = "2025-11-13"
user-id = 359
user-login = "seanmonstar"
user-name = "Sean McArthur"

[[publisher.icu_locale_core]]
version = "2.1.1"
when = "2025-10-28"
user-id = 1139
user-login = "Manishearth"
user-name = "Manish Goregaokar"

[[publisher.icu_normalizer]]
version = "2.1.1"
when = "2025-10-28"
user-id = 1139
user-login = "Manishearth"
user-name = "Manish Goregaokar"

[[publisher.icu_normalizer_data]]
version = "2.1.1"
when = "2025-10-28"
user-id = 1139
user-login = "Manishearth"
user-name = "Manish Goregaokar"

[[publisher.icu_properties]]
version = "2.1.1"
when = "2025-10-28"
user-id = 1139
user-login = "Manishearth"
user-name = "Manish Goregaokar"

[[publisher.icu_properties_data]]
version = "2.1.1"
when = "2025-10-28"
user-id = 1139
user-login = "Manishearth"
user-name = "Manish Goregaokar"

[[publisher.icu_provider]]
version = "2.1.1"
when = "2025-10-28"
user-id = 1139
user-login = "Manishearth"
user-name = "Manish Goregaokar"

[[publisher.ignore]]
version = "0.4.25"
when = "2025-10-30"
user-id = 189
user-login = "BurntSushi"
user-name = "Andrew Gallant"

[[publisher.indexmap]]
version = "2.12.0"
when = "2025-10-17"
user-id = 539
user-login = "cuviper"
user-name = "Josh Stone"

[[publisher.is_terminal_polyfill]]
version = "1.70.2"
when = "2025-10-21"
user-id = 6743
user-login = "epage"
user-name = "Ed Page"

[[publisher.itoa]]
version = "1.0.15"
when = "2025-03-03"
user-id = 3618
user-login = "dtolnay"
user-name = "David Tolnay"

[[publisher.jiff]]
version = "0.2.16"
when = "2025-11-07"
user-id = 189
user-login = "BurntSushi"
user-name = "Andrew Gallant"

[[publisher.jiff-static]]
version = "0.2.16"
when = "2025-11-07"
user-id = 189
user-login = "BurntSushi"
user-name = "Andrew Gallant"

[[publisher.lazy_static]]
version = "1.5.0"
when = "2024-06-21"
user-id = 539
user-login = "cuviper"
user-name = "Josh Stone"

[[publisher.libc]]
version = "0.2.177"
when = "2025-10-09"
user-id = 55123
user-login = "rust-lang-owner"

[[publisher.linux-raw-sys]]
version = "0.11.0"
when = "2025-09-09"
user-id = 6825
user-login = "sunfishcode"
user-name = "Dan Gohman"

[[publisher.litemap]]
version = "0.8.1"
when = "2025-10-28"
user-id = 1139
user-login = "Manishearth"
user-name = "Manish Goregaokar"

[[publisher.memchr]]
version = "2.7.6"
when = "2025-09-25"
user-id = 189
user-login = "BurntSushi"
user-name = "Andrew Gallant"

[[publisher.mime]]
version = "0.3.17"
when = "2023-03-20"
user-id = 359
user-login = "seanmonstar"
user-name = "Sean McArthur"

[[publisher.mio]]
version = "1.1.0"
when = "2025-10-17"
user-id = 6025
user-login = "Thomasdezeeuw"
user-name = "Thomas de Zeeuw"

[[publisher.num-traits]]
version = "0.2.19"
when = "2024-05-03"
user-id = 539
user-login = "cuviper"
user-name = "Josh Stone"

[[publisher.num_cpus]]
version = "1.17.0"
when = "2025-05-30"
user-id = 359
user-login = "seanmonstar"
user-name = "Sean McArthur"

[[publisher.once_cell_polyfill]]
version = "1.70.2"
when = "2025-10-21"
user-id = 6743
user-login = "epage"
user-name = "Ed Page"

[[publisher.openssl-probe]]
version = "0.1.6"
when = "2025-01-23"
user-id = 1
user-login = "alexcrichton"
user-name = "Alex Crichton"

[[publisher.parking_lot]]
version = "0.12.5"
when = "2025-10-03"
user-id = 2915
user-login = "Amanieu"
user-name = "Amanieu d'Antras"

[[publisher.parking_lot_core]]
version = "0.9.12"
when = "2025-10-03"
user-id = 2915
user-login = "Amanieu"
user-name = "Amanieu d'Antras"

[[publisher.potential_utf]]
version = "0.1.4"
when = "2025-10-28"
user-id = 1139
user-login = "Manishearth"
user-name = "Manish Goregaokar"

[[publisher.predicates]]
version = "3.1.3"
when = "2024-12-19"
user-id = 6743
user-login = "epage"
user-name = "Ed Page"

[[publisher.predicates-core]]
version = "1.0.9"
when = "2024-12-19"
user-id = 6743
user-login = "epage"
user-name = "Ed Page"

[[publisher.predicates-tree]]
version = "1.0.12"
when = "2024-12-19"
user-id = 6743
user-login = "epage"
user-name = "Ed Page"

[[publisher.proc-macro2]]
version = "1.0.103"
when = "2025-10-23"
user-id = 3618
user-login = "dtolnay"
user-name = "David Tolnay"

[[publisher.quote]]
version = "1.0.42"
when = "2025-11-06"
user-id = 3618
user-login = "dtolnay"
user-name = "David Tolnay"

[[publisher.regex]]
version = "1.12.2"
when = "2025-10-13"
user-id = 189
user-login = "BurntSushi"
user-name = "Andrew Gallant"

[[publisher.regex-automata]]
version = "0.4.13"
when = "2025-10-13"
user-id = 189
user-login = "BurntSushi"
user-name = "Andrew Gallant"

[[publisher.regex-syntax]]
version = "0.8.8"
when = "2025-10-13"
user-id = 189
user-login = "BurntSushi"
user-name = "Andrew Gallant"

[[publisher.reqwest]]
version = "0.12.24"
when = "2025-10-13"
user-id = 359
user-login = "seanmonstar"
user-name = "Sean McArthur"

[[publisher.rustc-demangle]]
version = "0.1.26"
when = "2025-07-27"
user-id = 55123
user-login = "rust-lang-owner"

[[publisher.rustix]]
version = "1.1.2"
when = "2025-09-09"
user-id = 6825
user-login = "sunfishcode"
user-name = "Dan Gohman"

[[publisher.ryu]]
version = "1.0.20"
when = "2025-03-04"
user-id = 3618
user-login = "dtolnay"
user-name = "David Tolnay"

[[publisher.scopeguard]]
version = "1.2.0"
when = "2023-07-17"
user-id = 2915
user-login = "Amanieu"
user-name = "Amanieu d'Antras"

[[publisher.serde]]
version = "1.0.228"
when = "2025-09-27"
user-id = 3618
user-login = "dtolnay"
user-name = "David Tolnay"

[[publisher.serde_core]]
version = "1.0.228"
when = "2025-09-27"
user-id = 3618
user-login = "dtolnay"
user-name = "David Tolnay"

[[publisher.serde_json]]
version = "1.0.140"
when = "2025-03-03"
user-id = 3618
user-login = "dtolnay"
user-name = "David Tolnay"

[[publisher.serde_spanned]]
version = "1.0.3"
when = "2025-10-09"
user-id = 6743
user-login = "epage"
user-name = "Ed Page"

[[publisher.slab]]
version = "0.4.11"
when = "2025-08-08"
user-id = 6741
user-login = "Darksonn"
user-name = "Alice Ryhl"

[[publisher.socket2]]
version = "0.6.1"
when = "2025-10-13"
user-id = 6025
user-login = "Thomasdezeeuw"
user-name = "Thomas de Zeeuw"

[[publisher.syn]]
version = "2.0.110"
when = "2025-11-10"
user-id = 3618
user-login = "dtolnay"
user-name = "David Tolnay"

[[publisher.termtree]]
version = "0.5.1"
when = "2024-07-25"
user-id = 6743
user-login = "epage"
user-name = "Ed Page"

[[publisher.thiserror]]
version = "2.0.17"
when = "2025-09-28"
user-id = 3618
user-login = "dtolnay"
user-name = "David Tolnay"

[[publisher.thiserror-impl]]
version = "2.0.17"
when = "2025-09-28"
user-id = 3618
user-login = "dtolnay"
user-name = "David Tolnay"

[[publisher.tinystr]]
version = "0.8.2"
when = "2025-10-28"
user-id = 1139
user-login = "Manishearth"
user-name = "Manish Goregaokar"

[[publisher.tokio]]
version = "1.48.0"
when = "2025-10-14"
user-id = 6741
user-login = "Darksonn"
user-name = "Alice Ryhl"

[[publisher.tokio-macros]]
version = "2.6.0"
when = "2025-10-14"
user-id = 6741
user-login = "Darksonn"
user-name = "Alice Ryhl"

[[publisher.tokio-util]]
version = "0.7.17"
when = "2025-11-02"
user-id = 6741
user-login = "Darksonn"
user-name = "Alice Ryhl"

[[publisher.toml]]
version = "0.9.8"
when = "2025-10-09"
user-id = 6743
user-login = "epage"
user-name = "Ed Page"

[[publisher.toml_datetime]]
version = "0.7.3"
when = "2025-10-09"
user-id = 6743
user-login = "epage"
user-name = "Ed Page"

[[publisher.toml_parser]]
version = "1.0.4"
when = "2025-10-09"
user-id = 6743
user-login = "epage"
user-name = "Ed Page"

[[publisher.toml_writer]]
version = "1.0.4"
when = "2025-10-09"
user-id = 6743
user-login = "epage"
user-name = "Ed Page"

[[publisher.tower]]
version = "0.5.2"
when = "2024-12-11"
user-id = 359
user-login = "seanmonstar"
user-name = "Sean McArthur"

[[publisher.tower-http]]
version = "0.6.6"
when = "2025-06-03"
user-id = 359
user-login = "seanmonstar"
user-name = "Sean McArthur"

[[publisher.try-lock]]
version = "0.2.5"
when = "2023-12-07"
user-id = 359
user-login = "seanmonstar"
user-name = "Sean McArthur"

[[publisher.unicode-ident]]
version = "1.0.22"
when = "2025-10-30"
user-id = 3618
user-login = "dtolnay"
user-name = "David Tolnay"

[[publisher.unicode-width]]
version = "0.1.14"
when = "2024-09-19"
user-id = 1139
user-login = "Manishearth"
user-name = "Manish Goregaokar"

[[publisher.unicode-width]]
version = "0.2.2"
when = "2025-10-06"
user-id = 1139
user-login = "Manishearth"
user-name = "Manish Goregaokar"

[[publisher.utf8_iter]]
version = "1.0.4"
when = "2023-12-01"
user-id = 4484
user-login = "hsivonen"
user-name = "Henri Sivonen"

[[publisher.wait-timeout]]
version = "0.2.1"
when = "2025-02-03"
user-id = 1
user-login = "alexcrichton"
user-name = "Alex Crichton"

[[publisher.walkdir]]
version = "2.5.0"
when = "2024-03-01"
user-id = 189
user-login = "BurntSushi"
user-name = "Andrew Gallant"

[[publisher.want]]
version = "0.3.1"
when = "2023-06-14"
user-id = 359
user-login = "seanmonstar"
user-name = "Sean McArthur"

[[publisher.wasi]]
version = "0.11.1+wasi-snapshot-preview1"
when = "2025-06-10"
user-id = 1
user-login = "alexcrichton"
user-name = "Alex Crichton"

[[publisher.wasip2]]
version = "1.0.1+wasi-0.2.4"
when = "2025-09-15"
user-id = 1
user-login = "alexcrichton"
user-name = "Alex Crichton"

[[publisher.windows-targets]]
version = "0.52.6"
when = "2024-07-03"
user-id = 64539
user-login = "kennykerr"
user-name = "Kenny Kerr"

[[publisher.windows_x86_64_msvc]]
version = "0.52.6"
when = "2024-07-03"
user-id = 64539
user-login = "kennykerr"
user-name = "Kenny Kerr"

[[publisher.winnow]]
version = "0.7.13"
when = "2025-08-22"
user-id = 6743
user-login = "epage"
user-name = "Ed Page"

[[publisher.wit-bindgen]]
version = "0.43.0"
when = "2025-06-24"
user-id = 73222
user-login = "wasmtime-publish"

[[publisher.writeable]]
version = "0.6.2"
when = "2025-10-28"
user-id = 1139
user-login = "Manishearth"
user-name = "Manish Goregaokar"

[[publisher.yoke]]
version = "0.8.1"
when = "2025-10-28"
user-id = 1139
user-login = "Manishearth"
user-name = "Manish Goregaokar"

[[publisher.zerotrie]]
version = "0.2.3"
when = "2025-10-28"
user-id = 1139
user-login = "Manishearth"
user-name = "Manish Goregaokar"

[[publisher.zerovec]]
version = "0.11.5"
when = "2025-10-28"
user-id = 1139
user-login = "Manishearth"
user-name = "Manish Goregaokar"

[[publisher.zerovec-derive]]
version = "0.11.2"
when = "2025-10-28"
user-id = 1139
user-login = "Manishearth"
user-name = "Manish Goregaokar"

[[audits.bytecode-alliance.wildcard-audits.bumpalo]]
who = "Nick Fitzgerald <fitzgen@gmail.com>"
criteria = "safe-to-deploy"
user-id = 696 # Nick Fitzgerald (fitzgen)
start = "2019-03-16"
end = "2026-08-21"

[[audits.bytecode-alliance.wildcard-audits.wasip2]]
who = "Alex Crichton <alex@alexcrichton.com>"
criteria = "safe-to-deploy"
user-id = 1 # Alex Crichton (alexcrichton)
start = "2025-08-10"
end = "2026-08-21"
notes = """
This is a Bytecode Alliance authored crate.
"""

[[audits.bytecode-alliance.wildcard-audits.wit-bindgen]]
who = "Alex Crichton <alex@alexcrichton.com>"
criteria = "safe-to-deploy"
user-id = 73222 # wasmtime-publish
start = "2023-01-01"
end = "2026-06-03"
notes = """
The Bytecode Alliance uses the `wasmtime-publish` crates.io account to automate
publication of this crate from CI. This repository requires all PRs are reviewed
by a Bytecode Alliance maintainer and it owned by the Bytecode Alliance itself.
"""

[[audits.bytecode-alliance.audits.addr2line]]
who = "Alex Crichton <alex@alexcrichton.com>"
criteria = "safe-to-deploy"
delta = "0.24.1 -> 0.25.0"
notes = "All minor changes, even a net reduction of `unsafe`."

[[audits.bytecode-alliance.audits.addr2line]]
who = "Alex Crichton <alex@alexcrichton.com>"
criteria = "safe-to-deploy"
delta = "0.25.0 -> 0.25.1"
notes = "Minor updates, looks like a minor bug fix, nothing awry."

[[audits.bytecode-alliance.audits.atomic-waker]]
who = "Alex Crichton <alex@alexcrichton.com>"
criteria = "safe-to-deploy"
version = "1.1.2"
notes = "Contains `unsafe` code but it's well-documented and scoped to what it's intended to be doing. Otherwise a well-focused and straightforward crate."

[[audits.bytecode-alliance.audits.base64]]
who = "Pat Hickey <phickey@fastly.com>"
criteria = "safe-to-deploy"
version = "0.21.0"
notes = "This crate has no dependencies, no build.rs, and contains no unsafe code."

[[audits.bytecode-alliance.audits.base64]]
who = "Andrew Brown <andrew.brown@intel.com>"
criteria = "safe-to-deploy"
delta = "0.21.3 -> 0.22.1"

[[audits.bytecode-alliance.audits.cfg-if]]
who = "Alex Crichton <alex@alexcrichton.com>"
criteria = "safe-to-deploy"
version = "1.0.0"
notes = "I am the author of this crate."

[[audits.bytecode-alliance.audits.crossbeam-epoch]]
who = "Alex Crichton <alex@alexcrichton.com>"
criteria = "safe-to-deploy"
delta = "0.9.15 -> 0.9.18"
notes = "Nontrivial update but mostly around dependencies and how `unsafe` code is managed. Everything looks the same shape as before."

[[audits.bytecode-alliance.audits.displaydoc]]
who = "Nick Fitzgerald <fitzgen@gmail.com>"
criteria = "safe-to-deploy"
delta = "0.2.4 -> 0.2.5"

[[audits.bytecode-alliance.audits.foreign-types]]
who = "Pat Hickey <phickey@fastly.com>"
criteria = "safe-to-deploy"
version = "0.3.2"
notes = "This crate defined a macro-rules which creates wrappers working with FFI types. The implementation of this crate appears to be safe, but each use of this macro would need to be vetted for correctness as well."

[[audits.bytecode-alliance.audits.foreign-types-shared]]
who = "Pat Hickey <phickey@fastly.com>"
criteria = "safe-to-deploy"
version = "0.1.1"

[[audits.bytecode-alliance.audits.futures-channel]]
who = "Joel Dice <joel.dice@gmail.com>"
criteria = "safe-to-deploy"
version = "0.3.31"

[[audits.bytecode-alliance.audits.futures-executor]]
who = "Joel Dice <joel.dice@gmail.com>"
criteria = "safe-to-deploy"
version = "0.3.31"

[[audits.bytecode-alliance.audits.gimli]]
who = "Alex Crichton <alex@alexcrichton.com>"
criteria = "safe-to-deploy"
delta = "0.31.0 -> 0.31.1"
notes = "No fundmanetally new `unsafe` code, some small refactoring of existing code. Lots of changes in tests, not as many changes in the rest of the crate. More dwarf!"

[[audits.bytecode-alliance.audits.gimli]]
who = "Alex Crichton <alex@alexcrichton.com>"
criteria = "safe-to-deploy"
delta = "0.31.1 -> 0.32.0"
notes = "Ever more DWARF to parse, but also no new `unsafe` and everything looks like gimli."

[[audits.bytecode-alliance.audits.gimli]]
who = "Alex Crichton <alex@alexcrichton.com>"
criteria = "safe-to-deploy"
delta = "0.32.0 -> 0.32.3"
notes = "Ever more dwarf, it never ends! (nothing out of the ordinary)"

[[audits.bytecode-alliance.audits.heck]]
who = "Alex Crichton <alex@alexcrichton.com>"
criteria = "safe-to-deploy"
delta = "0.4.1 -> 0.5.0"
notes = "Minor changes for a `no_std` upgrade but otherwise everything looks as expected."

[[audits.bytecode-alliance.audits.miniz_oxide]]
who = "Alex Crichton <alex@alexcrichton.com>"
criteria = "safe-to-deploy"
delta = "0.8.5 -> 0.8.9"
notes = "No new unsafe code, just refactorings."

[[audits.bytecode-alliance.audits.object]]
who = "Alex Crichton <alex@alexcrichton.com>"
criteria = "safe-to-deploy"
delta = "0.36.5 -> 0.37.1"
notes = "New object file formats, new formatting, new other minor changes, no new `unsafe`."

[[audits.bytecode-alliance.audits.object]]
who = "Alex Crichton <alex@alexcrichton.com>"
criteria = "safe-to-deploy"
delta = "0.37.1 -> 0.37.3"
notes = "Lots of new support for new object features, no new unsafe or anything suspicious."

[[audits.bytecode-alliance.audits.percent-encoding]]
who = "Alex Crichton <alex@alexcrichton.com>"
criteria = "safe-to-deploy"
version = "2.2.0"
notes = """
This crate is a single-file crate that does what it says on the tin. There are
a few `unsafe` blocks related to utf-8 validation which are locally verifiable
as correct and otherwise this crate is good to go.
"""

[[audits.bytecode-alliance.audits.pin-utils]]
who = "Pat Hickey <phickey@fastly.com>"
criteria = "safe-to-deploy"
version = "0.1.0"

[[audits.bytecode-alliance.audits.shlex]]
who = "Alex Crichton <alex@alexcrichton.com>"
criteria = "safe-to-deploy"
version = "1.1.0"
notes = "Only minor `unsafe` code blocks which look valid and otherwise does what it says on the tin."

[[audits.bytecode-alliance.audits.tempfile]]
who = "Alex Crichton <alex@alexcrichton.com>"
criteria = "safe-to-deploy"
delta = "3.20.0 -> 3.21.0"
notes = "Only minor manifest/CI changes."

[[audits.bytecode-alliance.audits.tempfile]]
who = "Alex Crichton <alex@alexcrichton.com>"
criteria = "safe-to-deploy"
delta = "3.21.0 -> 3.23.0"
notes = "Doc/test/platform updates, nothing out of the ordinary."

[[audits.bytecode-alliance.audits.terminal_size]]
who = "Alex Crichton <alex@alexcrichton.com>"
criteria = "safe-to-deploy"
delta = "0.1.17 -> 0.2.6"
notes = "Minor updates around using some utilities from the standard library, nothing major."

[[audits.bytecode-alliance.audits.terminal_size]]
who = "Alex Crichton <alex@alexcrichton.com>"
criteria = "safe-to-deploy"
delta = "0.2.6 -> 0.3.0"
notes = "Minor updates here, nothing major."

[[audits.bytecode-alliance.audits.terminal_size]]
who = "Alex Crichton <alex@alexcrichton.com>"
criteria = "safe-to-deploy"
delta = "0.3.0 -> 0.4.2"
notes = "Doc/etc updates, along with some Rust updates for new types in libstd, nothing out of line"

[[audits.bytecode-alliance.audits.terminal_size]]
who = "Alex Crichton <alex@alexcrichton.com>"
criteria = "safe-to-deploy"
delta = "0.4.2 -> 0.4.3"
notes = "Just a dependency bump"

[[audits.bytecode-alliance.audits.tokio-native-tls]]
who = "Pat Hickey <phickey@fastly.com>"
criteria = "safe-to-deploy"
version = "0.3.1"
notes = "unsafety is used for smuggling std::task::Context as a raw pointer. Lifetime and type safety appears to be taken care of correctly."

[[audits.bytecode-alliance.audits.vcpkg]]
who = "Pat Hickey <phickey@fastly.com>"
criteria = "safe-to-deploy"
version = "0.2.15"
notes = "no build.rs, no macros, no unsafe. It reads the filesystem and makes copies of DLLs into OUT_DIR."

[[audits.bytecode-alliance.audits.wit-bindgen]]
who = "Alex Crichton <alex@alexcrichton.com>"
criteria = "safe-to-deploy"
delta = "0.43.0 -> 0.45.0"
notes = "The Bytecode Alliance is the author of this crate"

[[audits.bytecode-alliance.audits.wit-bindgen]]
who = "Alex Crichton <alex@alexcrichton.com>"
criteria = "safe-to-deploy"
delta = "0.45.0 -> 0.45.1"
notes = "The Bytecode Alliance is the author of this crate"

[[audits.bytecode-alliance.audits.wit-bindgen]]
who = "Alex Crichton <alex@alexcrichton.com>"
criteria = "safe-to-deploy"
delta = "0.45.1 -> 0.46.0"
notes = "The Bytecode Alliance is the author of this crate"

[[audits.embark-studios.audits.assert-json-diff]]
who = "Johan Andersson <opensource@embark-studios.com>"
criteria = "safe-to-run"
version = "2.0.2"
notes = "No unsafe usage or ambient capabilities"

[[audits.google.audits.bit-set]]
who = "George Burgess IV <gbiv@google.com>"
criteria = "safe-to-run"
version = "0.5.3"
aggregated-from = "https://chromium.googlesource.com/chromiumos/third_party/rust_crates/+/refs/heads/main/cargo-vet/audits.toml?format=TEXT"

[[audits.google.audits.crossbeam-epoch]]
who = "George Burgess IV <gbiv@google.com>"
criteria = "safe-to-run"
version = "0.9.14"
aggregated-from = "https://chromium.googlesource.com/chromiumos/third_party/rust_crates/+/refs/heads/main/cargo-vet/audits.toml?format=TEXT"

[[audits.google.audits.crossbeam-epoch]]
who = "George Burgess IV <gbiv@google.com>"
criteria = "safe-to-run"
delta = "0.9.14 -> 0.9.15"
aggregated-from = "https://chromium.googlesource.com/chromiumos/third_party/rust_crates/+/refs/heads/main/cargo-vet/audits.toml?format=TEXT"

[[audits.google.audits.difflib]]
who = "Max Lee <endlesspring@google.com>"
criteria = "safe-to-run"
version = "0.4.0"
aggregated-from = "https://chromium.googlesource.com/chromiumos/third_party/rust_crates/+/refs/heads/main/cargo-vet/audits.toml?format=TEXT"

[[audits.google.audits.either]]
who = "Manish Goregaokar <manishearth@google.com>"
criteria = "safe-to-deploy"
version = "1.13.0"
notes = "Unsafe code pertaining to wrapping Pin APIs. Mostly passes invariants down."
aggregated-from = "https://chromium.googlesource.com/chromium/src/+/main/third_party/rust/chromium_crates_io/supply-chain/audits.toml?format=TEXT"

[[audits.google.audits.either]]
who = "Daniel Cheng <dcheng@chromium.org>"
criteria = "safe-to-deploy"
delta = "1.13.0 -> 1.14.0"
notes = """
Inheriting ub-risk-1 from the baseline review of 1.13.0. While the delta has some diffs in unsafe code, they are either:
- migrating code to use helper macros
- migrating match patterns to take advantage of default bindings mode from RFC 2005
Either way, the result is code that does exactly the same thing and does not change the risk of UB.

See https://crrev.com/c/6323164 for more audit details.
"""
aggregated-from = "https://chromium.googlesource.com/chromium/src/+/main/third_party/rust/chromium_crates_io/supply-chain/audits.toml?format=TEXT"

[[audits.google.audits.either]]
who = "Lukasz Anforowicz <lukasza@chromium.org>"
criteria = "safe-to-deploy"
delta = "1.14.0 -> 1.15.0"
notes = "The delta in `lib.rs` only tweaks doc comments and `#[cfg(feature = \"std\")]`."
aggregated-from = "https://chromium.googlesource.com/chromium/src/+/main/third_party/rust/chromium_crates_io/supply-chain/audits.toml?format=TEXT"

[[audits.google.audits.heck]]
who = "Lukasz Anforowicz <lukasza@chromium.org>"
criteria = "safe-to-deploy"
version = "0.4.1"
notes = """
Grepped for `-i cipher`, `-i crypto`, `'\bfs\b'``, `'\bnet\b'``, `'\bunsafe\b'``
and there were no hits.

`heck` (version `0.3.3`) has been added to Chromium in
https://source.chromium.org/chromium/chromium/src/+/28841c33c77833cc30b286f9ae24c97e7a8f4057
"""
aggregated-from = "https://chromium.googlesource.com/chromium/src/+/main/third_party/rust/chromium_crates_io/supply-chain/audits.toml?format=TEXT"

[[audits.google.audits.httpdate]]
who = "George Burgess IV <gbiv@google.com>"
criteria = "safe-to-deploy"
version = "1.0.3"
aggregated-from = "https://chromium.googlesource.com/chromiumos/third_party/rust_crates/+/refs/heads/main/cargo-vet/audits.toml?format=TEXT"

[[audits.google.audits.openssl-macros]]
who = "George Burgess IV <gbiv@google.com>"
criteria = "safe-to-deploy"
version = "0.1.0"
aggregated-from = "https://chromium.googlesource.com/chromiumos/third_party/rust_crates/+/refs/heads/main/cargo-vet/audits.toml?format=TEXT"

[[audits.google.audits.openssl-macros]]
who = "George Burgess IV <gbiv@google.com>"
criteria = "safe-to-deploy"
delta = "0.1.0 -> 0.1.1"
aggregated-from = "https://chromium.googlesource.com/chromiumos/third_party/rust_crates/+/refs/heads/main/cargo-vet/audits.toml?format=TEXT"

[[audits.google.audits.quick-error]]
who = "George Burgess IV <gbiv@google.com>"
criteria = "safe-to-run"
version = "1.2.3"
aggregated-from = "https://chromium.googlesource.com/chromiumos/third_party/rust_crates/+/refs/heads/main/cargo-vet/audits.toml?format=TEXT"

[[audits.google.audits.rand]]
who = "Lukasz Anforowicz <lukasza@chromium.org>"
criteria = "safe-to-deploy"
version = "0.8.5"
notes = """
For more detailed unsafe review notes please see https://crrev.com/c/6362797
"""
aggregated-from = "https://chromium.googlesource.com/chromium/src/+/main/third_party/rust/chromium_crates_io/supply-chain/audits.toml?format=TEXT"

[[audits.google.audits.same-file]]
who = "Android Legacy"
criteria = "safe-to-run"
version = "1.0.6"
aggregated-from = "https://chromium.googlesource.com/chromiumos/third_party/rust_crates/+/refs/heads/main/cargo-vet/audits.toml?format=TEXT"

[[audits.google.audits.strsim]]
who = "danakj@chromium.org"
criteria = "safe-to-deploy"
version = "0.10.0"
notes = """
Reviewed in https://crrev.com/c/5171063

Previously reviewed during security review and the audit is grandparented in.
"""
aggregated-from = "https://chromium.googlesource.com/chromium/src/+/main/third_party/rust/chromium_crates_io/supply-chain/audits.toml?format=TEXT"

[[audits.google.audits.unicode-linebreak]]
who = "Lukasz Anforowicz <lukasza@chromium.org>"
criteria = "safe-to-deploy"
version = "0.1.5"
notes = """
Grepped for `-i cipher`, `-i crypto`, `'\bfs\b'``, `'\bnet\b'``, `'\bunsafe\b'``
and there were no hits.

Version `0.1.2` of this crate has been added to Chromium in
https://source.chromium.org/chromium/chromium/src/+/591a0f30c5eac93b6a3d981c2714ffa4db28dbcb
The CL description contains a link to a Google-internal document with audit details.
"""
aggregated-from = "https://chromium.googlesource.com/chromium/src/+/main/third_party/rust/chromium_crates_io/supply-chain/audits.toml?format=TEXT"

[[audits.isrg.audits.base64]]
who = "Tim Geoghegan <timg@letsencrypt.org>"
criteria = "safe-to-deploy"
delta = "0.21.0 -> 0.21.1"

[[audits.isrg.audits.base64]]
who = "Brandon Pitman <bran@bran.land>"
criteria = "safe-to-deploy"
delta = "0.21.1 -> 0.21.2"

[[audits.isrg.audits.base64]]
who = "David Cook <dcook@divviup.org>"
criteria = "safe-to-deploy"
delta = "0.21.2 -> 0.21.3"

[[audits.isrg.audits.cfg-if]]
who = "David Cook <dcook@divviup.org>"
criteria = "safe-to-deploy"
delta = "1.0.0 -> 1.0.1"

[[audits.isrg.audits.cfg-if]]
who = "J.C. Jones <jc@divviup.org>"
criteria = "safe-to-deploy"
delta = "1.0.1 -> 1.0.3"

[[audits.isrg.audits.cfg-if]]
who = "David Cook <dcook@divviup.org>"
criteria = "safe-to-deploy"
delta = "1.0.3 -> 1.0.4"

[[audits.isrg.audits.once_cell]]
who = "J.C. Jones <jc@insufficient.coffee>"
criteria = "safe-to-deploy"
delta = "1.21.1 -> 1.21.3"
notes = "The unsafe code has moved from `compare_exchange` to a new `init` function, which makes it easier to reason about."

[[audits.isrg.audits.rand]]
who = "David Cook <dcook@divviup.org>"
criteria = "safe-to-deploy"
delta = "0.8.5 -> 0.9.1"

[[audits.isrg.audits.rand]]
who = "Tim Geoghegan <timg@divviup.org>"
criteria = "safe-to-deploy"
delta = "0.9.1 -> 0.9.2"

[[audits.isrg.audits.serde_json]]
who = "Tim Geoghegan <timg@divviup.org>"
criteria = "safe-to-deploy"
delta = "1.0.140 -> 1.0.141"
notes = "There are three new `unsafe` blocks, but they are well-justified and appear safe by code inspection."

[[audits.isrg.audits.serde_json]]
who = "J.C. Jones <jc@insufficient.coffee>"
criteria = "safe-to-deploy"
delta = "1.0.141 -> 1.0.142"

[[audits.isrg.audits.serde_json]]
who = "J.C. Jones <jc@divviup.org>"
criteria = "safe-to-deploy"
delta = "1.0.142 -> 1.0.143"

[[audits.isrg.audits.serde_json]]
who = "J.C. Jones <jc@divviup.org>"
criteria = "safe-to-deploy"
delta = "1.0.143 -> 1.0.145"

[[audits.mozilla.wildcard-audits.core-foundation]]
who = "Bobby Holley <bobbyholley@gmail.com>"
criteria = "safe-to-deploy"
user-id = 5946 # Jeff Muizelaar (jrmuizel)
start = "2019-03-29"
end = "2023-05-04"
renew = false
notes = "I've reviewed every source contribution that was neither authored nor reviewed by Mozilla."
aggregated-from = "https://hg.mozilla.org/mozilla-central/raw-file/tip/supply-chain/audits.toml"

[[audits.mozilla.wildcard-audits.encoding_rs]]
who = "Henri Sivonen <hsivonen@hsivonen.fi>"
criteria = "safe-to-deploy"
user-id = 4484 # Henri Sivonen (hsivonen)
start = "2019-02-26"
end = "2025-10-23"
notes = "I, Henri Sivonen, wrote encoding_rs for Gecko and have reviewed contributions by others. There are two caveats to the certification: 1) The crate does things that are documented to be UB but that do not appear to actually be UB due to integer types differing from the general rule; https://github.com/hsivonen/encoding_rs/issues/79 . 2) It would be prudent to re-review the code that reinterprets buffers of integers as SIMD vectors; see https://github.com/hsivonen/encoding_rs/issues/87 ."
aggregated-from = "https://hg.mozilla.org/mozilla-central/raw-file/tip/supply-chain/audits.toml"

[[audits.mozilla.wildcard-audits.unicode-width]]
who = "Manish Goregaokar <manishsmail@gmail.com>"
criteria = "safe-to-deploy"
user-id = 1139 # Manish Goregaokar (Manishearth)
start = "2019-12-05"
end = "2026-02-01"
notes = "All code written or reviewed by Manish"
aggregated-from = "https://hg.mozilla.org/mozilla-central/raw-file/tip/supply-chain/audits.toml"

[[audits.mozilla.wildcard-audits.utf8_iter]]
who = "Makoto Kato <m_kato@ga2.so-net.ne.jp>"
criteria = "safe-to-deploy"
user-id = 4484 # Henri Sivonen (hsivonen)
start = "2022-04-19"
end = "2024-06-16"
notes = "Maintained by Henri Sivonen who works at Mozilla."
aggregated-from = "https://hg.mozilla.org/mozilla-central/raw-file/tip/supply-chain/audits.toml"

[[audits.mozilla.audits.bit-set]]
who = "Teodor Tanasoaia <ttanasoaia@mozilla.com>"
criteria = "safe-to-deploy"
delta = "0.5.3 -> 0.6.0"
aggregated-from = "https://hg.mozilla.org/mozilla-central/raw-file/tip/supply-chain/audits.toml"

[[audits.mozilla.audits.bit-set]]
who = "Jim Blandy <jimb@red-bean.com>"
criteria = "safe-to-deploy"
delta = "0.6.0 -> 0.8.0"
aggregated-from = "https://hg.mozilla.org/mozilla-central/raw-file/tip/supply-chain/audits.toml"

[[audits.mozilla.audits.bit-vec]]
who = "Aria Beingessner <a.beingessner@gmail.com>"
criteria = "safe-to-deploy"
version = "0.6.3"
notes = "Another crate I own via contain-rs that is ancient and in maintenance mode but otherwise perfectly fine."
aggregated-from = "https://hg.mozilla.org/mozilla-central/raw-file/tip/supply-chain/audits.toml"

[[audits.mozilla.audits.bit-vec]]
who = "Teodor Tanasoaia <ttanasoaia@mozilla.com>"
criteria = "safe-to-deploy"
delta = "0.6.3 -> 0.7.0"
aggregated-from = "https://hg.mozilla.org/mozilla-central/raw-file/tip/supply-chain/audits.toml"

[[audits.mozilla.audits.bit-vec]]
who = "Jim Blandy <jimb@red-bean.com>"
criteria = "safe-to-deploy"
delta = "0.7.0 -> 0.8.0"
aggregated-from = "https://hg.mozilla.org/mozilla-central/raw-file/tip/supply-chain/audits.toml"

[[audits.mozilla.audits.core-foundation]]
who = "Teodor Tanasoaia <ttanasoaia@mozilla.com>"
criteria = "safe-to-deploy"
delta = "0.9.3 -> 0.9.4"
notes = "I've reviewed every source contribution that was neither authored nor reviewed by Mozilla."
aggregated-from = "https://hg.mozilla.org/mozilla-central/raw-file/tip/supply-chain/audits.toml"

[[audits.mozilla.audits.displaydoc]]
who = "Makoto Kato <m_kato@ga2.so-net.ne.jp>"
criteria = "safe-to-deploy"
version = "0.2.3"
notes = """
This crate is convenient macros to implement core::fmt::Display trait.
Although `unsafe` is used for test code to call `libc::abort()`, it has no `unsafe` code in this crate. And there is no file access.
It meets the criteria for safe-to-deploy.
"""
aggregated-from = "https://hg.mozilla.org/mozilla-central/raw-file/tip/supply-chain/audits.toml"

[[audits.mozilla.audits.displaydoc]]
who = "Mike Hommey <mh+mozilla@glandium.org>"
criteria = "safe-to-deploy"
delta = "0.2.3 -> 0.2.4"
aggregated-from = "https://hg.mozilla.org/mozilla-central/raw-file/tip/supply-chain/audits.toml"

[[audits.mozilla.audits.fnv]]
who = "Bobby Holley <bobbyholley@gmail.com>"
criteria = "safe-to-deploy"
version = "1.0.7"
notes = "Simple hasher implementation with no unsafe code."
aggregated-from = "https://hg.mozilla.org/mozilla-central/raw-file/tip/supply-chain/audits.toml"

[[audits.mozilla.audits.form_urlencoded]]
who = "Valentin Gosu <valentin.gosu@gmail.com>"
criteria = "safe-to-deploy"
version = "1.2.0"
aggregated-from = "https://hg.mozilla.org/mozilla-central/raw-file/tip/supply-chain/audits.toml"

[[audits.mozilla.audits.form_urlencoded]]
who = "Valentin Gosu <valentin.gosu@gmail.com>"
criteria = "safe-to-deploy"
delta = "1.2.0 -> 1.2.1"
aggregated-from = "https://hg.mozilla.org/mozilla-central/raw-file/tip/supply-chain/audits.toml"

[[audits.mozilla.audits.form_urlencoded]]
who = "edgul <ed.guloien@gmail.com>"
criteria = "safe-to-deploy"
delta = "1.2.1 -> 1.2.2"
aggregated-from = "https://hg.mozilla.org/mozilla-central/raw-file/tip/supply-chain/audits.toml"

[[audits.mozilla.audits.idna]]
who = "edgul <ed.guloien@gmail.com>"
criteria = "safe-to-deploy"
delta = "1.0.3 -> 1.1.0"
aggregated-from = "https://hg.mozilla.org/mozilla-central/raw-file/tip/supply-chain/audits.toml"

[[audits.mozilla.audits.once_cell]]
who = "Erich Gubler <erichdongubler@gmail.com>"
criteria = "safe-to-deploy"
delta = "1.20.3 -> 1.21.1"
aggregated-from = "https://hg.mozilla.org/mozilla-central/raw-file/tip/supply-chain/audits.toml"

[[audits.mozilla.audits.percent-encoding]]
who = "Valentin Gosu <valentin.gosu@gmail.com>"
criteria = "safe-to-deploy"
delta = "2.2.0 -> 2.3.0"
aggregated-from = "https://hg.mozilla.org/mozilla-central/raw-file/tip/supply-chain/audits.toml"

[[audits.mozilla.audits.percent-encoding]]
who = "Valentin Gosu <valentin.gosu@gmail.com>"
criteria = "safe-to-deploy"
delta = "2.3.0 -> 2.3.1"
aggregated-from = "https://hg.mozilla.org/mozilla-central/raw-file/tip/supply-chain/audits.toml"

[[audits.mozilla.audits.percent-encoding]]
who = "edgul <ed.guloien@gmail.com>"
criteria = "safe-to-deploy"
delta = "2.3.1 -> 2.3.2"
aggregated-from = "https://hg.mozilla.org/mozilla-central/raw-file/tip/supply-chain/audits.toml"

[[audits.mozilla.audits.rustc-hash]]
who = "Bobby Holley <bobbyholley@gmail.com>"
criteria = "safe-to-deploy"
version = "1.1.0"
notes = "Straightforward crate with no unsafe code, does what it says on the tin."
aggregated-from = "https://hg.mozilla.org/mozilla-central/raw-file/tip/supply-chain/audits.toml"

[[audits.mozilla.audits.rustc-hash]]
who = "Ben Dean-Kawamura <bdk@mozilla.com>"
criteria = "safe-to-deploy"
delta = "1.1.0 -> 2.1.1"
notes = "Simple hashing crate, no unsafe code."
aggregated-from = "https://hg.mozilla.org/mozilla-central/raw-file/tip/supply-chain/audits.toml"

[[audits.mozilla.audits.shlex]]
who = "Max Inden <mail@max-inden.de>"
criteria = "safe-to-deploy"
delta = "1.1.0 -> 1.3.0"
aggregated-from = "https://hg.mozilla.org/mozilla-central/raw-file/tip/supply-chain/audits.toml"

[[audits.mozilla.audits.strsim]]
who = "Ben Dean-Kawamura <bdk@mozilla.com>"
criteria = "safe-to-deploy"
delta = "0.10.0 -> 0.11.1"
aggregated-from = "https://hg.mozilla.org/mozilla-central/raw-file/tip/supply-chain/audits.toml"

[[audits.mozilla.audits.textwrap]]
who = "Jan-Erik Rediger <jrediger@mozilla.com>"
criteria = "safe-to-deploy"
version = "0.15.0"
aggregated-from = "https://raw.githubusercontent.com/mozilla/glean/main/supply-chain/audits.toml"

[[audits.mozilla.audits.textwrap]]
who = "Mike Hommey <mh+mozilla@glandium.org>"
criteria = "safe-to-deploy"
delta = "0.15.0 -> 0.15.2"
aggregated-from = "https://hg.mozilla.org/mozilla-central/raw-file/tip/supply-chain/audits.toml"

[[audits.mozilla.audits.textwrap]]
who = "Mike Hommey <mh+mozilla@glandium.org>"
criteria = "safe-to-deploy"
delta = "0.15.2 -> 0.16.0"
aggregated-from = "https://hg.mozilla.org/mozilla-central/raw-file/tip/supply-chain/audits.toml"

[[audits.mozilla.audits.textwrap]]
who = "Jan-Erik Rediger <jrediger@mozilla.com>"
criteria = "safe-to-deploy"
delta = "0.16.0 -> 0.16.1"
aggregated-from = "https://hg.mozilla.org/mozilla-central/raw-file/tip/supply-chain/audits.toml"

[[audits.mozilla.audits.textwrap]]
who = "Nika Layzell <nika@thelayzells.com>"
criteria = "safe-to-deploy"
delta = "0.16.1 -> 0.16.2"
aggregated-from = "https://raw.githubusercontent.com/mozilla/cargo-vet/main/supply-chain/audits.toml"

[[audits.mozilla.audits.url]]
who = "edgul <ed.guloien@gmail.com>"
criteria = "safe-to-deploy"
delta = "2.5.4 -> 2.5.7"
aggregated-from = "https://hg.mozilla.org/mozilla-central/raw-file/tip/supply-chain/audits.toml"
